PODS:
  - AFNetworking (3.2.0):
    - AFNetworking/NSURLSession (= 3.2.0)
    - AFNetworking/Reachability (= 3.2.0)
    - AFNetworking/Security (= 3.2.0)
    - AFNetworking/Serialization (= 3.2.0)
    - AFNetworking/UIKit (= 3.2.0)
  - AFNetworking/NSURLSession (3.2.0):
    - AFNetworking/Reachability
    - AFNetworking/Security
    - AFNetworking/Serialization
  - AFNetworking/Reachability (3.2.0)
  - AFNetworking/Security (3.2.0)
  - AFNetworking/Serialization (3.2.0)
  - AFNetworking/UIKit (3.2.0):
    - AFNetworking/NSURLSession
  - Particle-SDK (0.7.0):
    - Particle-SDK/Helpers (= 0.7.0)
    - Particle-SDK/SDK (= 0.7.0)
  - Particle-SDK/Helpers (0.7.0)
  - Particle-SDK/SDK (0.7.0):
    - AFNetworking (~> 3.0)
    - Particle-SDK/Helpers
  - Realm (3.1.1):
    - Realm/Headers (= 3.1.1)
  - Realm/Headers (3.1.1)
  - RealmSwift (3.1.1):
    - Realm (= 3.1.1)

DEPENDENCIES:
  - AFNetworking
  - Particle-SDK
  - RealmSwift

SPEC CHECKSUMS:
  AFNetworking: 8ac6017b94ea105479f7776e5288e48ae9c59bb4
  Particle-SDK: d08e4a9e42c927bd997cd4817e5a01894ace4187
  Realm: 42d1c38a5b1bbcc828b48a7ce702cb86fc68adf4
  RealmSwift: d31937ca6a6ee54acde64ec839523c0a3c04924b

PODFILE CHECKSUM: ed4adc7eff4f0c1152af09656601fe380795f9f9

COCOAPODS: 1.4.0
